
Microsoft Visual Studio Solution File, Format Version 12.00
# Visual Studio 15
Project("{FAE04EC0-301F-11D3-BF4B-00C04F79EFBC}") = "Assembly-CSharp-Editor", "Assembly-CSharp-Editor.csproj", "{463E6332-1C20-0A3C-3E14-A47C98D6136B}"
EndProject
Project("{FAE04EC0-301F-11D3-BF4B-00C04F79EFBC}") = "Assembly-CSharp", "Assembly-CSharp.csproj", "{7709C29F-7D91-E36D-1272-B67F266FBAEB}"
EndProject
Global
	GlobalSection(SolutionConfigurationPlatforms) = preSolution
		Debug|Any CPU = Debug|Any CPU
		Release|Any CPU = Release|Any CPU
	EndGlobalSection
	GlobalSection(ProjectConfigurationPlatforms) = postSolution
		{463E6332-1C20-0A3C-3E14-A47C98D6136B}.Debug|Any CPU.ActiveCfg = Debug|Any CPU
		{463E6332-1C20-0A3C-3E14-A47C98D6136B}.Debug|Any CPU.Build.0 = Debug|Any CPU
		{463E6332-1C20-0A3C-3E14-A47C98D6136B}.Release|Any CPU.ActiveCfg = Release|Any CPU
		{463E6332-1C20-0A3C-3E14-A47C98D6136B}.Release|Any CPU.Build.0 = Release|Any CPU
		{7709C29F-7D91-E36D-1272-B67F266FBAEB}.Debug|Any CPU.ActiveCfg = Debug|Any CPU
		{7709C29F-7D91-E36D-1272-B67F266FBAEB}.Debug|Any CPU.Build.0 = Debug|Any CPU
		{7709C29F-7D91-E36D-1272-B67F266FBAEB}.Release|Any CPU.ActiveCfg = Release|Any CPU
		{7709C29F-7D91-E36D-1272-B67F266FBAEB}.Release|Any CPU.Build.0 = Release|Any CPU
	EndGlobalSection
	GlobalSection(SolutionProperties) = preSolution
		HideSolutionNode = FALSE
	EndGlobalSection
EndGlobal
